
Microsoft Visual Studio Solution File, Format Version 12.00
# Visual Studio 15
VisualStudioVersion = 15.0.28010.2050
MinimumVisualStudioVersion = 10.0.40219.1
Project("{FAE04EC0-301F-11D3-BF4B-00C04F79EFBC}") = "CustomCRPG", "CustomCRPG\CustomCRPG.csproj", "{09EBEC97-3F14-421C-B04D-5E7CA5F518B1}"
EndProject
Global
	GlobalSection(SolutionConfigurationPlatforms) = preSolution
		Debug|Any CPU = Debug|Any CPU
		Release|Any CPU = Release|Any CPU
	EndGlobalSection
	GlobalSection(ProjectConfigurationPlatforms) = postSolution
		{09EBEC97-3F14-421C-B04D-5E7CA5F518B1}.Debug|Any CPU.ActiveCfg = Debug|Any CPU
		{09EBEC97-3F14-421C-B04D-5E7CA5F518B1}.Debug|Any CPU.Build.0 = Debug|Any CPU
		{09EBEC97-3F14-421C-B04D-5E7CA5F518B1}.Release|Any CPU.ActiveCfg = Release|Any CPU
		{09EBEC97-3F14-421C-B04D-5E7CA5F518B1}.Release|Any CPU.Build.0 = Release|Any CPU
	EndGlobalSection
	GlobalSection(SolutionProperties) = preSolution
		HideSolutionNode = FALSE
	EndGlobalSection
	GlobalSection(ExtensibilityGlobals) = postSolution
		SolutionGuid = {5E811A0B-3189-466D-956B-D700B0A23BDC}
	EndGlobalSection
EndGlobal
